
Microsoft Visual Studio Solution File, Format Version 12.00
# Visual Studio Version 17
VisualStudioVersion = 17.4.33213.308
MinimumVisualStudioVersion = 10.0.40219.1
Project("{9A19103F-16F7-4668-BE54-9A1E7A4F7556}") = "TRYOUT", "TRYOUT\TRYOUT.csproj", "{23B520E2-B576-4996-A0D1-E5544E2B0E29}"
EndProject
Project("{54A90642-561A-4BB1-A94E-469ADEE60C69}") = "TRYOUT.UI", "TRYOUT.UI\TRYOUT.UI.esproj", "{DF7D2160-1F36-4685-AFA6-F0826EA26D99}"
EndProject
Global
	GlobalSection(SolutionConfigurationPlatforms) = preSolution
		Debug|Any CPU = Debug|Any CPU
		Release|Any CPU = Release|Any CPU
	EndGlobalSection
	GlobalSection(ProjectConfigurationPlatforms) = postSolution
		{23B520E2-B576-4996-A0D1-E5544E2B0E29}.Debug|Any CPU.ActiveCfg = Debug|Any CPU
		{23B520E2-B576-4996-A0D1-E5544E2B0E29}.Debug|Any CPU.Build.0 = Debug|Any CPU
		{23B520E2-B576-4996-A0D1-E5544E2B0E29}.Release|Any CPU.ActiveCfg = Release|Any CPU
		{23B520E2-B576-4996-A0D1-E5544E2B0E29}.Release|Any CPU.Build.0 = Release|Any CPU
		{DF7D2160-1F36-4685-AFA6-F0826EA26D99}.Debug|Any CPU.ActiveCfg = Debug|Any CPU
		{DF7D2160-1F36-4685-AFA6-F0826EA26D99}.Debug|Any CPU.Build.0 = Debug|Any CPU
		{DF7D2160-1F36-4685-AFA6-F0826EA26D99}.Debug|Any CPU.Deploy.0 = Debug|Any CPU
		{DF7D2160-1F36-4685-AFA6-F0826EA26D99}.Release|Any CPU.ActiveCfg = Release|Any CPU
		{DF7D2160-1F36-4685-AFA6-F0826EA26D99}.Release|Any CPU.Build.0 = Release|Any CPU
		{DF7D2160-1F36-4685-AFA6-F0826EA26D99}.Release|Any CPU.Deploy.0 = Release|Any CPU
	EndGlobalSection
	GlobalSection(SolutionProperties) = preSolution
		HideSolutionNode = FALSE
	EndGlobalSection
	GlobalSection(ExtensibilityGlobals) = postSolution
		SolutionGuid = {801257F2-D806-4E6C-8AA0-AFB1D9B12A81}
	EndGlobalSection
EndGlobal
